{
    "_readme": [
        "This file locks the dependencies of your project to a known state",
        "Read more about it at https://getcomposer.org/doc/01-basic-usage.md#installing-dependencies",
        "This file is @generated automatically"
    ],
    "content-hash": "3e12eadea6c654b29f2a7813c425976d",
    "packages": [
        {
            "name": "aeon-php/calendar",
            "version": "1.0.11",
            "source": {
                "type": "git",
                "url": "https://github.com/aeon-php/calendar.git",
                "reference": "41f4b0ff07247c36b232ddfbcddc62af738be6fe"
            },
            "dist": {
                "type": "zip",
                "url": "https://api.github.com/repos/aeon-php/calendar/zipball/41f4b0ff07247c36b232ddfbcddc62af738be6fe",
                "reference": "41f4b0ff07247c36b232ddfbcddc62af738be6fe",
                "shasum": ""
            },
            "require": {
                "php": "~8.2.0 || ~8.3.0 || ~8.4.0"
            },
            "require-dev": {
                "ext-bcmath": "*",
                "ext-pcov": "*"
            },
            "suggest": {
                "ext-bcmath": "Compare time units with high precision"
            },
            "type": "library",
            "autoload": {
                "psr-4": {
                    "Aeon\\": [
                        "src/Aeon"
                    ]
                }
            },
            "notification-url": "https://packagist.org/downloads/",
            "license": [
                "MIT"
            ],
            "description": "PHP type safe, immutable calendar library",
            "keywords": [
                "calendar",
                "date",
                "datetime",
                "immutable",
                "time"
            ],
            "support": {
                "issues": "https://github.com/aeon-php/calendar/issues",
                "source": "https://github.com/aeon-php/calendar/tree/1.0.11"
            },
            "funding": [
                {
                    "url": "https://flow-php.com/sponsor",
                    "type": "custom"
                },
                {
                    "url": "https://github.com/norberttech",
                    "type": "github"
                }
            ],
            "time": "2025-01-24T04:47:09+00:00"
        },
        {
            "name": "aeon-php/sleep",
            "version": "1.0.11",
            "source": {
                "type": "git",
                "url": "https://github.com/aeon-php/sleep.git",
                "reference": "59f44ef6313e0b05d65aa20369be1fcc937142d3"
            },
            "dist": {
                "type": "zip",
                "url": "https://api.github.com/repos/aeon-php/sleep/zipball/59f44ef6313e0b05d65aa20369be1fcc937142d3",
                "reference": "59f44ef6313e0b05d65aa20369be1fcc937142d3",
                "shasum": ""
            },
            "require": {
                "aeon-php/calendar": "~1.0",
                "php": "~8.2.0 || ~8.3.0 || ~8.4.0"
            },
            "type": "library",
            "autoload": {
                "files": [
                    "src/Aeon/Sleep/sleep.php"
                ],
                "psr-4": {
                    "Aeon\\": [
                        "src/Aeon"
                    ]
                }
            },
            "notification-url": "https://packagist.org/downloads/",
            "license": [
                "MIT"
            ],
            "description": "Improved sleep function that uses simple TimeUnit and decides between \\sleep and \\usleep",
            "keywords": [
                "calendar",
                "holidays",
                "immutable",
                "sleep"
            ],
            "support": {
                "issues": "https://github.com/aeon-php/sleep/issues",
                "source": "https://github.com/aeon-php/sleep/tree/1.0.11"
            },
            "funding": [
                {
                    "url": "https://flow-php.com/sponsor",
                    "type": "custom"
                },
                {
                    "url": "https://github.com/norberttech",
                    "type": "github"
                }
            ],
            "time": "2025-01-24T04:47:20+00:00"
        },
        {
            "name": "symfony/process",
            "version": "v7.3.4",
            "source": {
                "type": "git",
                "url": "https://github.com/symfony/process.git",
                "reference": "f24f8f316367b30810810d4eb30c543d7003ff3b"
            },
            "dist": {
                "type": "zip",
                "url": "https://api.github.com/repos/symfony/process/zipball/f24f8f316367b30810810d4eb30c543d7003ff3b",
                "reference": "f24f8f316367b30810810d4eb30c543d7003ff3b",
                "shasum": ""
            },
            "require": {
                "php": ">=8.2"
            },
            "type": "library",
            "autoload": {
                "psr-4": {
                    "Symfony\\Component\\Process\\": ""
                },
                "exclude-from-classmap": [
                    "/Tests/"
                ]
            },
            "notification-url": "https://packagist.org/downloads/",
            "license": [
                "MIT"
            ],
            "authors": [
                {
                    "name": "Fabien Potencier",
                    "email": "fabien@symfony.com"
                },
                {
                    "name": "Symfony Community",
                    "homepage": "https://symfony.com/contributors"
                }
            ],
            "description": "Executes commands in sub-processes",
            "homepage": "https://symfony.com",
            "support": {
                "source": "https://github.com/symfony/process/tree/v7.3.4"
            },
            "funding": [
                {
                    "url": "https://symfony.com/sponsor",
                    "type": "custom"
                },
                {
                    "url": "https://github.com/fabpot",
                    "type": "github"
                },
                {
                    "url": "https://github.com/nicolas-grekas",
                    "type": "github"
                },
                {
                    "url": "https://tidelift.com/funding/github/packagist/symfony/symfony",
                    "type": "tidelift"
                }
            ],
            "time": "2025-09-11T10:12:26+00:00"
        }
    ],
    "packages-dev": [],
    "aliases": [],
    "minimum-stability": "dev",
    "stability-flags": {},
    "prefer-stable": true,
    "prefer-lowest": false,
    "platform": {
        "php": "^8.2"
    },
    "platform-dev": {},
    "plugin-api-version": "2.6.0"
}
